
Microsoft Visual Studio Solution File, Format Version 12.00
# Visual Studio Version 16
VisualStudioVersion = 16.0.31501.217
MinimumVisualStudioVersion = 10.0.40219.1
Project("{FAE04EC0-301F-11D3-BF4B-00C04F79EFBC}") = "DisposePattern", "DisposePattern\DisposePattern.csproj", "{E0239A53-5453-4E3D-8D81-E0302A196D84}"
EndProject
Global
	GlobalSection(SolutionConfigurationPlatforms) = preSolution
		Debug|Any CPU = Debug|Any CPU
		Release|Any CPU = Release|Any CPU
	EndGlobalSection
	GlobalSection(ProjectConfigurationPlatforms) = postSolution
		{E0239A53-5453-4E3D-8D81-E0302A196D84}.Debug|Any CPU.ActiveCfg = Debug|Any CPU
		{E0239A53-5453-4E3D-8D81-E0302A196D84}.Debug|Any CPU.Build.0 = Debug|Any CPU
		{E0239A53-5453-4E3D-8D81-E0302A196D84}.Release|Any CPU.ActiveCfg = Release|Any CPU
		{E0239A53-5453-4E3D-8D81-E0302A196D84}.Release|Any CPU.Build.0 = Release|Any CPU
	EndGlobalSection
	GlobalSection(SolutionProperties) = preSolution
		HideSolutionNode = FALSE
	EndGlobalSection
	GlobalSection(ExtensibilityGlobals) = postSolution
		SolutionGuid = {7CA78D06-F00F-4F25-BA7F-0CEDACB1D806}
	EndGlobalSection
EndGlobal
