
Microsoft Visual Studio Solution File, Format Version 12.00
# Visual Studio Version 16
VisualStudioVersion = 16.0.31501.217
MinimumVisualStudioVersion = 10.0.40219.1
Project("{FAE04EC0-301F-11D3-BF4B-00C04F79EFBC}") = "Finalisers", "Finalisers\Finalisers.csproj", "{40D7EAF3-792F-4151-9B76-D004577B5D4B}"
EndProject
Global
	GlobalSection(SolutionConfigurationPlatforms) = preSolution
		Debug|Any CPU = Debug|Any CPU
		Release|Any CPU = Release|Any CPU
	EndGlobalSection
	GlobalSection(ProjectConfigurationPlatforms) = postSolution
		{40D7EAF3-792F-4151-9B76-D004577B5D4B}.Debug|Any CPU.ActiveCfg = Debug|Any CPU
		{40D7EAF3-792F-4151-9B76-D004577B5D4B}.Debug|Any CPU.Build.0 = Debug|Any CPU
		{40D7EAF3-792F-4151-9B76-D004577B5D4B}.Release|Any CPU.ActiveCfg = Release|Any CPU
		{40D7EAF3-792F-4151-9B76-D004577B5D4B}.Release|Any CPU.Build.0 = Release|Any CPU
	EndGlobalSection
	GlobalSection(SolutionProperties) = preSolution
		HideSolutionNode = FALSE
	EndGlobalSection
	GlobalSection(ExtensibilityGlobals) = postSolution
		SolutionGuid = {EA092C40-5182-4D9D-9869-95E6151445E7}
	EndGlobalSection
EndGlobal
